
Microsoft Visual Studio Solution File, Format Version 12.00
# Visual Studio 15
VisualStudioVersion = 15.0.27004.2005
MinimumVisualStudioVersion = 10.0.40219.1
Project("{FAE04EC0-301F-11D3-BF4B-00C04F79EFBC}") = "ConsoleMonitorEmulator", "ConsoleMonitorEmulator\ConsoleMonitorEmulator.csproj", "{CAC49F4B-18A6-4F81-B49D-D6EB4F64991E}"
EndProject
Global
	GlobalSection(SolutionConfigurationPlatforms) = preSolution
		Debug|Any CPU = Debug|Any CPU
		Release|Any CPU = Release|Any CPU
	EndGlobalSection
	GlobalSection(ProjectConfigurationPlatforms) = postSolution
		{CAC49F4B-18A6-4F81-B49D-D6EB4F64991E}.Debug|Any CPU.ActiveCfg = Debug|Any CPU
		{CAC49F4B-18A6-4F81-B49D-D6EB4F64991E}.Debug|Any CPU.Build.0 = Debug|Any CPU
		{CAC49F4B-18A6-4F81-B49D-D6EB4F64991E}.Release|Any CPU.ActiveCfg = Release|Any CPU
		{CAC49F4B-18A6-4F81-B49D-D6EB4F64991E}.Release|Any CPU.Build.0 = Release|Any CPU
	EndGlobalSection
	GlobalSection(SolutionProperties) = preSolution
		HideSolutionNode = FALSE
	EndGlobalSection
	GlobalSection(ExtensibilityGlobals) = postSolution
		SolutionGuid = {73B5F836-3377-4044-AEBE-7C86F9DF54EA}
	EndGlobalSection
EndGlobal
